
Microsoft Visual Studio Solution File, Format Version 12.00
# Visual Studio Version 17
VisualStudioVersion = 17.1.32328.378
MinimumVisualStudioVersion = 10.0.40219.1
Project("{FAE04EC0-301F-11D3-BF4B-00C04F79EFBC}") = "TicTacToe_ver_3.0", "TicTacToe_ver_3.0.csproj", "{5EFE1E77-B963-4F45-B1D1-7335898A6D86}"
EndProject
Global
	GlobalSection(SolutionConfigurationPlatforms) = preSolution
		Debug|Any CPU = Debug|Any CPU
		Release|Any CPU = Release|Any CPU
	EndGlobalSection
	GlobalSection(ProjectConfigurationPlatforms) = postSolution
		{5EFE1E77-B963-4F45-B1D1-7335898A6D86}.Debug|Any CPU.ActiveCfg = Debug|Any CPU
		{5EFE1E77-B963-4F45-B1D1-7335898A6D86}.Debug|Any CPU.Build.0 = Debug|Any CPU
		{5EFE1E77-B963-4F45-B1D1-7335898A6D86}.Release|Any CPU.ActiveCfg = Release|Any CPU
		{5EFE1E77-B963-4F45-B1D1-7335898A6D86}.Release|Any CPU.Build.0 = Release|Any CPU
	EndGlobalSection
	GlobalSection(SolutionProperties) = preSolution
		HideSolutionNode = FALSE
	EndGlobalSection
	GlobalSection(ExtensibilityGlobals) = postSolution
		SolutionGuid = {4054A79E-6197-42F2-885C-27565B2DAC99}
	EndGlobalSection
EndGlobal
